
Microsoft Visual Studio Solution File, Format Version 12.00
# Visual Studio Version 17
VisualStudioVersion = 17.10.34916.146
MinimumVisualStudioVersion = 10.0.40219.1
Project("{FAE04EC0-301F-11D3-BF4B-00C04F79EFBC}") = "egzamin0512", "egzamin0512.csproj", "{03C5E093-CDE9-4ACE-AB76-A8741C8C6991}"
EndProject
Global
	GlobalSection(SolutionConfigurationPlatforms) = preSolution
		Debug|Any CPU = Debug|Any CPU
		Release|Any CPU = Release|Any CPU
	EndGlobalSection
	GlobalSection(ProjectConfigurationPlatforms) = postSolution
		{03C5E093-CDE9-4ACE-AB76-A8741C8C6991}.Debug|Any CPU.ActiveCfg = Debug|Any CPU
		{03C5E093-CDE9-4ACE-AB76-A8741C8C6991}.Debug|Any CPU.Build.0 = Debug|Any CPU
		{03C5E093-CDE9-4ACE-AB76-A8741C8C6991}.Release|Any CPU.ActiveCfg = Release|Any CPU
		{03C5E093-CDE9-4ACE-AB76-A8741C8C6991}.Release|Any CPU.Build.0 = Release|Any CPU
	EndGlobalSection
	GlobalSection(SolutionProperties) = preSolution
		HideSolutionNode = FALSE
	EndGlobalSection
	GlobalSection(ExtensibilityGlobals) = postSolution
		SolutionGuid = {A4C8FA17-AEB6-4433-A754-417CC37DD086}
	EndGlobalSection
EndGlobal
